# This file is autogenerated, do not edit; changes may be undone by the next 'dep ensure'.


[[projects]]
  branch = "master"
  digest = "1:4cd45b97f006fcd976470886b5fe97f59494e0f7b8e626059500cb8ace0e4e73"
  name = "golang.org/x/example"
  packages = ["stringutil"]
  pruneopts = "UT"
  revision = "ad95e7f791d8e1e7e7ec7f7cedfc2f6b29f6c9e2"

[[projects]]
  branch = "master"
  digest = "1:af7b8aca45b9fb0ab85a1dcc16372621e2d019a57f688753d3b16f48fc87a529"
  name = "golang.org/x/sys"
  packages = ["execabs"]
  pruneopts = "UT"
  revision = "889880a91fd53863df84d3684d6bf98ff24bb804"

[[projects]]
  digest = "1:84f59d8d2198008e44ff939a670694ca6dfeceec1c715e1edbbe843c7819e7f6"
  name = "golang.org/x/tools"
  packages = [
    "go/ast/astutil",
    "go/buildutil",
    "go/internal/cgo",
    "go/loader",
    "go/types/typeutil",
    "internal/typeparams",
  ]
  pruneopts = "UT"
  revision = "6799a7ae926804d94311fff9145861c22f77ba3a"
  version = "v0.1.10"

[solve-meta]
  analyzer-name = "dep"
  analyzer-version = 1
  input-imports = [
    "golang.org/x/example/stringutil",
    "golang.org/x/tools/go/loader",
    "golang.org/x/tools/go/types/typeutil",
  ]
  solver-name = "gps-cdcl"
  solver-version = 1
